
Microsoft Visual Studio Solution File, Format Version 12.00
# Visual Studio Version 17
VisualStudioVersion = 17.3.32922.545
MinimumVisualStudioVersion = 10.0.40219.1
Project("{FAE04EC0-301F-11D3-BF4B-00C04F79EFBC}") = "HEICtoJpgConvert", "HEICtoJpgConvert\HEICtoJpgConvert.csproj", "{55C6CB10-E7C7-464A-BBF9-B12D4F104745}"
EndProject
Project("{FAE04EC0-301F-11D3-BF4B-00C04F79EFBC}") = "SHControls", "SHControls\SHControls.csproj", "{2B1FEF09-9CE1-419D-B1A7-FAEB095CC9C7}"
EndProject
Global
	GlobalSection(SolutionConfigurationPlatforms) = preSolution
		Debug|Any CPU = Debug|Any CPU
		Debug|x64 = Debug|x64
		Release|Any CPU = Release|Any CPU
		Release|x64 = Release|x64
	EndGlobalSection
	GlobalSection(ProjectConfigurationPlatforms) = postSolution
		{55C6CB10-E7C7-464A-BBF9-B12D4F104745}.Debug|Any CPU.ActiveCfg = Debug|Any CPU
		{55C6CB10-E7C7-464A-BBF9-B12D4F104745}.Debug|Any CPU.Build.0 = Debug|Any CPU
		{55C6CB10-E7C7-464A-BBF9-B12D4F104745}.Debug|x64.ActiveCfg = Debug|x64
		{55C6CB10-E7C7-464A-BBF9-B12D4F104745}.Debug|x64.Build.0 = Debug|x64
		{55C6CB10-E7C7-464A-BBF9-B12D4F104745}.Release|Any CPU.ActiveCfg = Release|Any CPU
		{55C6CB10-E7C7-464A-BBF9-B12D4F104745}.Release|Any CPU.Build.0 = Release|Any CPU
		{55C6CB10-E7C7-464A-BBF9-B12D4F104745}.Release|x64.ActiveCfg = Release|x64
		{55C6CB10-E7C7-464A-BBF9-B12D4F104745}.Release|x64.Build.0 = Release|x64
		{2B1FEF09-9CE1-419D-B1A7-FAEB095CC9C7}.Debug|Any CPU.ActiveCfg = Debug|Any CPU
		{2B1FEF09-9CE1-419D-B1A7-FAEB095CC9C7}.Debug|Any CPU.Build.0 = Debug|Any CPU
		{2B1FEF09-9CE1-419D-B1A7-FAEB095CC9C7}.Debug|x64.ActiveCfg = Debug|x64
		{2B1FEF09-9CE1-419D-B1A7-FAEB095CC9C7}.Debug|x64.Build.0 = Debug|x64
		{2B1FEF09-9CE1-419D-B1A7-FAEB095CC9C7}.Release|Any CPU.ActiveCfg = Release|Any CPU
		{2B1FEF09-9CE1-419D-B1A7-FAEB095CC9C7}.Release|Any CPU.Build.0 = Release|Any CPU
		{2B1FEF09-9CE1-419D-B1A7-FAEB095CC9C7}.Release|x64.ActiveCfg = Release|x64
		{2B1FEF09-9CE1-419D-B1A7-FAEB095CC9C7}.Release|x64.Build.0 = Release|x64
	EndGlobalSection
	GlobalSection(SolutionProperties) = preSolution
		HideSolutionNode = FALSE
	EndGlobalSection
	GlobalSection(ExtensibilityGlobals) = postSolution
		SolutionGuid = {6BB322B0-1AE1-40C1-98F3-B03D99D2D32E}
	EndGlobalSection
EndGlobal
